NeoBundleLock surround.vim ea46fd04abbb59c4d1c17145c7e90adb8d3702b4
NeoBundleLock vim-hybrid 471b235306b94850a3c6b1d2d9e5203e9919c15e
NeoBundleLock nerdtree 3b98a7fcae8f9fff356907171f0406ff8cd28921
NeoBundleLock neobundle.vim 318b5768fe4589d438992d907f2a050bdb92d162
NeoBundleLock emmet-vim fcf44c5f6d7710b725425a939cf5daf59d961c16
